
Microsoft Visual Studio Solution File, Format Version 12.00
# Visual Studio Version 16
VisualStudioVersion = 16.0.31005.135
MinimumVisualStudioVersion = 10.0.40219.1
Project("{9A19103F-16F7-4668-BE54-9A1E7A4F7556}") = "Filed.Services.Payment", "Filed.Services.Payment\Filed.Services.Payment.csproj", "{104FA0C0-B7F5-4EDC-A3A1-0D81EDA5E1D8}"
EndProject
Project("{FAE04EC0-301F-11D3-BF4B-00C04F79EFBC}") = "Filed.Services.Payment.Test", "Filed.Services.Payment.Test\Filed.Services.Payment.Test.csproj", "{5BCE3AA9-4825-4FA5-93A8-9C61FE1CB983}"
EndProject
Global
	GlobalSection(SolutionConfigurationPlatforms) = preSolution
		Debug|Any CPU = Debug|Any CPU
		Release|Any CPU = Release|Any CPU
	EndGlobalSection
	GlobalSection(ProjectConfigurationPlatforms) = postSolution
		{104FA0C0-B7F5-4EDC-A3A1-0D81EDA5E1D8}.Debug|Any CPU.ActiveCfg = Debug|Any CPU
		{104FA0C0-B7F5-4EDC-A3A1-0D81EDA5E1D8}.Debug|Any CPU.Build.0 = Debug|Any CPU
		{104FA0C0-B7F5-4EDC-A3A1-0D81EDA5E1D8}.Release|Any CPU.ActiveCfg = Release|Any CPU
		{104FA0C0-B7F5-4EDC-A3A1-0D81EDA5E1D8}.Release|Any CPU.Build.0 = Release|Any CPU
		{5BCE3AA9-4825-4FA5-93A8-9C61FE1CB983}.Debug|Any CPU.ActiveCfg = Debug|Any CPU
		{5BCE3AA9-4825-4FA5-93A8-9C61FE1CB983}.Debug|Any CPU.Build.0 = Debug|Any CPU
		{5BCE3AA9-4825-4FA5-93A8-9C61FE1CB983}.Release|Any CPU.ActiveCfg = Release|Any CPU
		{5BCE3AA9-4825-4FA5-93A8-9C61FE1CB983}.Release|Any CPU.Build.0 = Release|Any CPU
	EndGlobalSection
	GlobalSection(SolutionProperties) = preSolution
		HideSolutionNode = FALSE
	EndGlobalSection
	GlobalSection(ExtensibilityGlobals) = postSolution
		SolutionGuid = {E851E0B8-E275-4836-82B2-B19E48AB3BCD}
	EndGlobalSection
EndGlobal
